
Microsoft Visual Studio Solution File, Format Version 12.00
# Visual Studio 15
VisualStudioVersion = 15.0.26730.16
MinimumVisualStudioVersion = 10.0.40219.1
Project("{FAE04EC0-301F-11D3-BF4B-00C04F79EFBC}") = "Virtualmind.TestGenerico.API", "Virtualmind.TestGenerico\Virtualmind.TestGenerico.API.csproj", "{30C19AE6-029A-4B91-BE47-FE37F47C1560}"
EndProject
Project("{FAE04EC0-301F-11D3-BF4B-00C04F79EFBC}") = "Virtualmind.TestGenerico.Tests", "Virtualmind.TestGenerico.Tests\Virtualmind.TestGenerico.Tests.csproj", "{CAA52C80-FDE0-47B3-894B-DD579E546FA8}"
EndProject
Project("{FAE04EC0-301F-11D3-BF4B-00C04F79EFBC}") = "Virtualmind.TestGenerico.Services", "Virtualmind.TestGenerico.Services\Virtualmind.TestGenerico.Services.csproj", "{2CBD6CFA-B1C9-41A1-9B99-E86E82F570B5}"
EndProject
Project("{FAE04EC0-301F-11D3-BF4B-00C04F79EFBC}") = "Virtualming.TestGenerico.Data", "Virtualming.TestGenerico.Data\Virtualming.TestGenerico.Data.csproj", "{68185979-D6E3-4D29-A16A-C5F130814091}"
EndProject
Project("{FAE04EC0-301F-11D3-BF4B-00C04F79EFBC}") = "Virtualmind.TestGenerico.Core", "Virtualmind.TestGenerico.Core\Virtualmind.TestGenerico.Core.csproj", "{CE33ECF5-8C2D-451F-A509-7802EE25416A}"
EndProject
Global
	GlobalSection(SolutionConfigurationPlatforms) = preSolution
		Debug|Any CPU = Debug|Any CPU
		Release|Any CPU = Release|Any CPU
	EndGlobalSection
	GlobalSection(ProjectConfigurationPlatforms) = postSolution
		{30C19AE6-029A-4B91-BE47-FE37F47C1560}.Debug|Any CPU.ActiveCfg = Debug|Any CPU
		{30C19AE6-029A-4B91-BE47-FE37F47C1560}.Debug|Any CPU.Build.0 = Debug|Any CPU
		{30C19AE6-029A-4B91-BE47-FE37F47C1560}.Release|Any CPU.ActiveCfg = Release|Any CPU
		{30C19AE6-029A-4B91-BE47-FE37F47C1560}.Release|Any CPU.Build.0 = Release|Any CPU
		{CAA52C80-FDE0-47B3-894B-DD579E546FA8}.Debug|Any CPU.ActiveCfg = Debug|Any CPU
		{CAA52C80-FDE0-47B3-894B-DD579E546FA8}.Debug|Any CPU.Build.0 = Debug|Any CPU
		{CAA52C80-FDE0-47B3-894B-DD579E546FA8}.Release|Any CPU.ActiveCfg = Release|Any CPU
		{CAA52C80-FDE0-47B3-894B-DD579E546FA8}.Release|Any CPU.Build.0 = Release|Any CPU
		{2CBD6CFA-B1C9-41A1-9B99-E86E82F570B5}.Debug|Any CPU.ActiveCfg = Debug|Any CPU
		{2CBD6CFA-B1C9-41A1-9B99-E86E82F570B5}.Debug|Any CPU.Build.0 = Debug|Any CPU
		{2CBD6CFA-B1C9-41A1-9B99-E86E82F570B5}.Release|Any CPU.ActiveCfg = Release|Any CPU
		{2CBD6CFA-B1C9-41A1-9B99-E86E82F570B5}.Release|Any CPU.Build.0 = Release|Any CPU
		{68185979-D6E3-4D29-A16A-C5F130814091}.Debug|Any CPU.ActiveCfg = Debug|Any CPU
		{68185979-D6E3-4D29-A16A-C5F130814091}.Debug|Any CPU.Build.0 = Debug|Any CPU
		{68185979-D6E3-4D29-A16A-C5F130814091}.Release|Any CPU.ActiveCfg = Release|Any CPU
		{68185979-D6E3-4D29-A16A-C5F130814091}.Release|Any CPU.Build.0 = Release|Any CPU
		{CE33ECF5-8C2D-451F-A509-7802EE25416A}.Debug|Any CPU.ActiveCfg = Debug|Any CPU
		{CE33ECF5-8C2D-451F-A509-7802EE25416A}.Debug|Any CPU.Build.0 = Debug|Any CPU
		{CE33ECF5-8C2D-451F-A509-7802EE25416A}.Release|Any CPU.ActiveCfg = Release|Any CPU
		{CE33ECF5-8C2D-451F-A509-7802EE25416A}.Release|Any CPU.Build.0 = Release|Any CPU
	EndGlobalSection
	GlobalSection(SolutionProperties) = preSolution
		HideSolutionNode = FALSE
	EndGlobalSection
	GlobalSection(ExtensibilityGlobals) = postSolution
		SolutionGuid = {6AD92A56-6D19-4CE5-9CB9-ABA54F1BDFB3}
	EndGlobalSection
EndGlobal
